
Microsoft Visual Studio Solution File, Format Version 12.00
# Visual Studio Version 16
VisualStudioVersion = 16.0.30503.244
MinimumVisualStudioVersion = 10.0.40219.1
Project("{FAE04EC0-301F-11D3-BF4B-00C04F79EFBC}") = "Hobbits", "Hobbits\Hobbits.csproj", "{06D35769-4399-4E66-B46F-4A9F5246BB26}"
EndProject
Global
	GlobalSection(SolutionConfigurationPlatforms) = preSolution
		Debug|Any CPU = Debug|Any CPU
		Release|Any CPU = Release|Any CPU
	EndGlobalSection
	GlobalSection(ProjectConfigurationPlatforms) = postSolution
		{06D35769-4399-4E66-B46F-4A9F5246BB26}.Debug|Any CPU.ActiveCfg = Debug|Any CPU
		{06D35769-4399-4E66-B46F-4A9F5246BB26}.Debug|Any CPU.Build.0 = Debug|Any CPU
		{06D35769-4399-4E66-B46F-4A9F5246BB26}.Release|Any CPU.ActiveCfg = Release|Any CPU
		{06D35769-4399-4E66-B46F-4A9F5246BB26}.Release|Any CPU.Build.0 = Release|Any CPU
	EndGlobalSection
	GlobalSection(SolutionProperties) = preSolution
		HideSolutionNode = FALSE
	EndGlobalSection
	GlobalSection(ExtensibilityGlobals) = postSolution
		SolutionGuid = {CD443DCE-2571-461E-94E3-F60E50A13250}
	EndGlobalSection
EndGlobal
