
Microsoft Visual Studio Solution File, Format Version 12.00
# Visual Studio 15
VisualStudioVersion = 15.0.27703.2042
MinimumVisualStudioVersion = 10.0.40219.1
Project("{FAE04EC0-301F-11D3-BF4B-00C04F79EFBC}") = "Survivor", "Survivor\Survivor.csproj", "{5C61CA2E-1731-4590-A423-C3B2E5CE5AA2}"
EndProject
Global
	GlobalSection(SolutionConfigurationPlatforms) = preSolution
		Debug|Any CPU = Debug|Any CPU
		Release|Any CPU = Release|Any CPU
	EndGlobalSection
	GlobalSection(ProjectConfigurationPlatforms) = postSolution
		{5C61CA2E-1731-4590-A423-C3B2E5CE5AA2}.Debug|Any CPU.ActiveCfg = Debug|Any CPU
		{5C61CA2E-1731-4590-A423-C3B2E5CE5AA2}.Debug|Any CPU.Build.0 = Debug|Any CPU
		{5C61CA2E-1731-4590-A423-C3B2E5CE5AA2}.Release|Any CPU.ActiveCfg = Release|Any CPU
		{5C61CA2E-1731-4590-A423-C3B2E5CE5AA2}.Release|Any CPU.Build.0 = Release|Any CPU
	EndGlobalSection
	GlobalSection(SolutionProperties) = preSolution
		HideSolutionNode = FALSE
	EndGlobalSection
	GlobalSection(ExtensibilityGlobals) = postSolution
		SolutionGuid = {D60A3236-234B-445F-B32D-983F45F68839}
	EndGlobalSection
EndGlobal
